
Microsoft Visual Studio Solution File, Format Version 12.00
# Visual Studio 14
VisualStudioVersion = 14.0.23107.0
MinimumVisualStudioVersion = 10.0.40219.1
Project("{FAE04EC0-301F-11D3-BF4B-00C04F79EFBC}") = "SmartApi", "SmartApi\SmartApi.csproj", "{17E6FC4F-6194-4945-AB0B-40E0906A328C}"
EndProject
Project("{2150E333-8FDC-42A3-9474-1A3956D46DE8}") = "90 Presentation Layer", "90 Presentation Layer", "{5B275DF8-7BC6-4BE8-BFA0-FE434C3B6909}"
EndProject
Project("{2150E333-8FDC-42A3-9474-1A3956D46DE8}") = "01 Domain Layer", "01 Domain Layer", "{76343B1D-5276-49F7-B11B-03CF35782941}"
EndProject
Project("{FAE04EC0-301F-11D3-BF4B-00C04F79EFBC}") = "SmartApi.Domain", "SmartApi.Domain\SmartApi.Domain.csproj", "{AF7C8157-0230-48E1-A465-126FA2BC8929}"
EndProject
Project("{2150E333-8FDC-42A3-9474-1A3956D46DE8}") = "03 Infrastructure Layer", "03 Infrastructure Layer", "{87A6AF01-AE0D-4B62-B91A-076EBB24906A}"
EndProject
Project("{2150E333-8FDC-42A3-9474-1A3956D46DE8}") = "Persistence", "Persistence", "{EF6B18E1-B864-4219-8BED-B032717B9495}"
EndProject
Project("{FAE04EC0-301F-11D3-BF4B-00C04F79EFBC}") = "SmartApi.Persistence", "SmartApi.Persistence\SmartApi.Persistence.csproj", "{E19EC0DF-91A9-4E20-908C-FACCBC3AB2BC}"
EndProject
Project("{2150E333-8FDC-42A3-9474-1A3956D46DE8}") = "Services", "Services", "{77508267-B821-4603-9A3D-5A46EF58CBCC}"
EndProject
Project("{FAE04EC0-301F-11D3-BF4B-00C04F79EFBC}") = "SmartApi.Services", "SmartApi.Services\SmartApi.Services.csproj", "{C3B599D1-68CF-4DF8-A52B-84C9A2D4FB95}"
EndProject
Project("{2150E333-8FDC-42A3-9474-1A3956D46DE8}") = "Modules", "Modules", "{7568F720-4DF4-4C70-96F2-C86A1D65631F}"
EndProject
Project("{FAE04EC0-301F-11D3-BF4B-00C04F79EFBC}") = "SmartApi.Modules", "SmartApi.Modules\SmartApi.Modules.csproj", "{A1D80EF2-2FF6-491E-8A22-2766EF92AE51}"
EndProject
Project("{FAE04EC0-301F-11D3-BF4B-00C04F79EFBC}") = "SmartApi.Shared", "SmartApi.Shared\SmartApi.Shared.csproj", "{B661F5AE-997A-4B86-8FC8-DE51D45658FD}"
EndProject
Global
	GlobalSection(SolutionConfigurationPlatforms) = preSolution
		Debug|Any CPU = Debug|Any CPU
		Release|Any CPU = Release|Any CPU
	EndGlobalSection
	GlobalSection(ProjectConfigurationPlatforms) = postSolution
		{17E6FC4F-6194-4945-AB0B-40E0906A328C}.Debug|Any CPU.ActiveCfg = Debug|Any CPU
		{17E6FC4F-6194-4945-AB0B-40E0906A328C}.Debug|Any CPU.Build.0 = Debug|Any CPU
		{17E6FC4F-6194-4945-AB0B-40E0906A328C}.Release|Any CPU.ActiveCfg = Release|Any CPU
		{17E6FC4F-6194-4945-AB0B-40E0906A328C}.Release|Any CPU.Build.0 = Release|Any CPU
		{AF7C8157-0230-48E1-A465-126FA2BC8929}.Debug|Any CPU.ActiveCfg = Debug|Any CPU
		{AF7C8157-0230-48E1-A465-126FA2BC8929}.Debug|Any CPU.Build.0 = Debug|Any CPU
		{AF7C8157-0230-48E1-A465-126FA2BC8929}.Release|Any CPU.ActiveCfg = Release|Any CPU
		{AF7C8157-0230-48E1-A465-126FA2BC8929}.Release|Any CPU.Build.0 = Release|Any CPU
		{E19EC0DF-91A9-4E20-908C-FACCBC3AB2BC}.Debug|Any CPU.ActiveCfg = Debug|Any CPU
		{E19EC0DF-91A9-4E20-908C-FACCBC3AB2BC}.Debug|Any CPU.Build.0 = Debug|Any CPU
		{E19EC0DF-91A9-4E20-908C-FACCBC3AB2BC}.Release|Any CPU.ActiveCfg = Release|Any CPU
		{E19EC0DF-91A9-4E20-908C-FACCBC3AB2BC}.Release|Any CPU.Build.0 = Release|Any CPU
		{C3B599D1-68CF-4DF8-A52B-84C9A2D4FB95}.Debug|Any CPU.ActiveCfg = Debug|Any CPU
		{C3B599D1-68CF-4DF8-A52B-84C9A2D4FB95}.Debug|Any CPU.Build.0 = Debug|Any CPU
		{C3B599D1-68CF-4DF8-A52B-84C9A2D4FB95}.Release|Any CPU.ActiveCfg = Release|Any CPU
		{C3B599D1-68CF-4DF8-A52B-84C9A2D4FB95}.Release|Any CPU.Build.0 = Release|Any CPU
		{A1D80EF2-2FF6-491E-8A22-2766EF92AE51}.Debug|Any CPU.ActiveCfg = Debug|Any CPU
		{A1D80EF2-2FF6-491E-8A22-2766EF92AE51}.Debug|Any CPU.Build.0 = Debug|Any CPU
		{A1D80EF2-2FF6-491E-8A22-2766EF92AE51}.Release|Any CPU.ActiveCfg = Release|Any CPU
		{A1D80EF2-2FF6-491E-8A22-2766EF92AE51}.Release|Any CPU.Build.0 = Release|Any CPU
		{B661F5AE-997A-4B86-8FC8-DE51D45658FD}.Debug|Any CPU.ActiveCfg = Debug|Any CPU
		{B661F5AE-997A-4B86-8FC8-DE51D45658FD}.Debug|Any CPU.Build.0 = Debug|Any CPU
		{B661F5AE-997A-4B86-8FC8-DE51D45658FD}.Release|Any CPU.ActiveCfg = Release|Any CPU
		{B661F5AE-997A-4B86-8FC8-DE51D45658FD}.Release|Any CPU.Build.0 = Release|Any CPU
	EndGlobalSection
	GlobalSection(SolutionProperties) = preSolution
		HideSolutionNode = FALSE
	EndGlobalSection
	GlobalSection(NestedProjects) = preSolution
		{17E6FC4F-6194-4945-AB0B-40E0906A328C} = {5B275DF8-7BC6-4BE8-BFA0-FE434C3B6909}
		{AF7C8157-0230-48E1-A465-126FA2BC8929} = {76343B1D-5276-49F7-B11B-03CF35782941}
		{EF6B18E1-B864-4219-8BED-B032717B9495} = {87A6AF01-AE0D-4B62-B91A-076EBB24906A}
		{E19EC0DF-91A9-4E20-908C-FACCBC3AB2BC} = {EF6B18E1-B864-4219-8BED-B032717B9495}
		{77508267-B821-4603-9A3D-5A46EF58CBCC} = {87A6AF01-AE0D-4B62-B91A-076EBB24906A}
		{C3B599D1-68CF-4DF8-A52B-84C9A2D4FB95} = {77508267-B821-4603-9A3D-5A46EF58CBCC}
		{7568F720-4DF4-4C70-96F2-C86A1D65631F} = {87A6AF01-AE0D-4B62-B91A-076EBB24906A}
		{A1D80EF2-2FF6-491E-8A22-2766EF92AE51} = {7568F720-4DF4-4C70-96F2-C86A1D65631F}
		{B661F5AE-997A-4B86-8FC8-DE51D45658FD} = {87A6AF01-AE0D-4B62-B91A-076EBB24906A}
	EndGlobalSection
EndGlobal
